
Microsoft Visual Studio Solution File, Format Version 12.00
# Visual Studio 2012
Project("{FAE04EC0-301F-11D3-BF4B-00C04F79EFBC}") = "WebApiExamples", "WebApiExamples\WebApiExamples.csproj", "{640599B7-DE40-43CF-B563-52A599522DC8}"
EndProject
Project("{FAE04EC0-301F-11D3-BF4B-00C04F79EFBC}") = "WebApiExamples.Domain", "WebApiExamples.Domain\WebApiExamples.Domain.csproj", "{942C22AD-F72A-4F32-A1D1-39AA887A481C}"
EndProject
Project("{FAE04EC0-301F-11D3-BF4B-00C04F79EFBC}") = "WebApiExamples.Services", "WebApiExamples.Services\WebApiExamples.Services.csproj", "{F744EDB2-D500-404D-99A4-DEA58FB4139F}"
EndProject
Global
	GlobalSection(SolutionConfigurationPlatforms) = preSolution
		Debug|Any CPU = Debug|Any CPU
		Release|Any CPU = Release|Any CPU
	EndGlobalSection
	GlobalSection(ProjectConfigurationPlatforms) = postSolution
		{640599B7-DE40-43CF-B563-52A599522DC8}.Debug|Any CPU.ActiveCfg = Debug|Any CPU
		{640599B7-DE40-43CF-B563-52A599522DC8}.Debug|Any CPU.Build.0 = Debug|Any CPU
		{640599B7-DE40-43CF-B563-52A599522DC8}.Release|Any CPU.ActiveCfg = Release|Any CPU
		{640599B7-DE40-43CF-B563-52A599522DC8}.Release|Any CPU.Build.0 = Release|Any CPU
		{942C22AD-F72A-4F32-A1D1-39AA887A481C}.Debug|Any CPU.ActiveCfg = Debug|Any CPU
		{942C22AD-F72A-4F32-A1D1-39AA887A481C}.Debug|Any CPU.Build.0 = Debug|Any CPU
		{942C22AD-F72A-4F32-A1D1-39AA887A481C}.Release|Any CPU.ActiveCfg = Release|Any CPU
		{942C22AD-F72A-4F32-A1D1-39AA887A481C}.Release|Any CPU.Build.0 = Release|Any CPU
		{F744EDB2-D500-404D-99A4-DEA58FB4139F}.Debug|Any CPU.ActiveCfg = Debug|Any CPU
		{F744EDB2-D500-404D-99A4-DEA58FB4139F}.Debug|Any CPU.Build.0 = Debug|Any CPU
		{F744EDB2-D500-404D-99A4-DEA58FB4139F}.Release|Any CPU.ActiveCfg = Release|Any CPU
		{F744EDB2-D500-404D-99A4-DEA58FB4139F}.Release|Any CPU.Build.0 = Release|Any CPU
	EndGlobalSection
	GlobalSection(SolutionProperties) = preSolution
		HideSolutionNode = FALSE
	EndGlobalSection
EndGlobal
